{
  "name": "settlekick-protocol",
  "version": "0.1.0",
  "lockfileVersion": 3,
  "requires": true,
  "packages": {
    "": {
      "name": "settlekick-protocol",
      "version": "0.1.0",
      "workspaces": [
        "apps/*",
        "packages/*"
      ],
      "engines": {
        "node": ">=24 <25"
      }
    },
    "node_modules/@settlekick/txline-client": {
      "resolved": "packages/txline-client",
      "link": true
    },
    "packages/txline-client": {
      "name": "@settlekick/txline-client",
      "version": "0.1.0"
    }
  }
}
